
Microsoft Visual Studio Solution File, Format Version 12.00
# Visual Studio Version 17
VisualStudioVersion = 17.2.32630.192
MinimumVisualStudioVersion = 10.0.40219.1
Project("{FAE04EC0-301F-11D3-BF4B-00C04F79EFBC}") = "FunctionAppHelloWorld", "FunctionAppHelloWorld.csproj", "{AFE058C2-DBC9-422D-85A8-41D5E281ACC2}"
EndProject
Global
	GlobalSection(SolutionConfigurationPlatforms) = preSolution
		Debug|Any CPU = Debug|Any CPU
		Release|Any CPU = Release|Any CPU
	EndGlobalSection
	GlobalSection(ProjectConfigurationPlatforms) = postSolution
		{AFE058C2-DBC9-422D-85A8-41D5E281ACC2}.Debug|Any CPU.ActiveCfg = Debug|Any CPU
		{AFE058C2-DBC9-422D-85A8-41D5E281ACC2}.Debug|Any CPU.Build.0 = Debug|Any CPU
		{AFE058C2-DBC9-422D-85A8-41D5E281ACC2}.Release|Any CPU.ActiveCfg = Release|Any CPU
		{AFE058C2-DBC9-422D-85A8-41D5E281ACC2}.Release|Any CPU.Build.0 = Release|Any CPU
	EndGlobalSection
	GlobalSection(SolutionProperties) = preSolution
		HideSolutionNode = FALSE
	EndGlobalSection
	GlobalSection(ExtensibilityGlobals) = postSolution
		SolutionGuid = {7FE047EA-B0FE-4C62-8DAB-76C61B44E56A}
	EndGlobalSection
EndGlobal
